
Microsoft Visual Studio Solution File, Format Version 12.00
# Visual Studio Version 16
VisualStudioVersion = 16.0.31321.278
MinimumVisualStudioVersion = 10.0.40219.1
Project("{803FD0C6-D64E-4E16-9DC3-1DAEC859A3D2}") = "HydroponicsBox", "HydroponicsBox.vgdbproj", "{53CAD716-709F-453E-A2BD-706ECD4B6A77}"
EndProject
Global
	GlobalSection(SolutionConfigurationPlatforms) = preSolution
		Debug|VisualGDB = Debug|VisualGDB
		MinSizeRel|VisualGDB = MinSizeRel|VisualGDB
		Release|VisualGDB = Release|VisualGDB
		RelWithDebInfo|VisualGDB = RelWithDebInfo|VisualGDB
	EndGlobalSection
	GlobalSection(ProjectConfigurationPlatforms) = postSolution
		{53CAD716-709F-453E-A2BD-706ECD4B6A77}.Debug|VisualGDB.ActiveCfg = Debug|VisualGDB
		{53CAD716-709F-453E-A2BD-706ECD4B6A77}.Debug|VisualGDB.Build.0 = Debug|VisualGDB
		{53CAD716-709F-453E-A2BD-706ECD4B6A77}.MinSizeRel|VisualGDB.ActiveCfg = MinSizeRel|VisualGDB
		{53CAD716-709F-453E-A2BD-706ECD4B6A77}.MinSizeRel|VisualGDB.Build.0 = MinSizeRel|VisualGDB
		{53CAD716-709F-453E-A2BD-706ECD4B6A77}.Release|VisualGDB.ActiveCfg = Release|VisualGDB
		{53CAD716-709F-453E-A2BD-706ECD4B6A77}.Release|VisualGDB.Build.0 = Release|VisualGDB
		{53CAD716-709F-453E-A2BD-706ECD4B6A77}.RelWithDebInfo|VisualGDB.ActiveCfg = RelWithDebInfo|VisualGDB
		{53CAD716-709F-453E-A2BD-706ECD4B6A77}.RelWithDebInfo|VisualGDB.Build.0 = RelWithDebInfo|VisualGDB
	EndGlobalSection
	GlobalSection(SolutionProperties) = preSolution
		HideSolutionNode = FALSE
	EndGlobalSection
	GlobalSection(ExtensibilityGlobals) = postSolution
		SolutionGuid = {3B0C7220-12B7-4877-A7FF-73CCD65DE0C0}
	EndGlobalSection
EndGlobal
